
Microsoft Visual Studio Solution File, Format Version 12.00
# Visual Studio Version 17
VisualStudioVersion = 17.8.34316.72
MinimumVisualStudioVersion = 10.0.40219.1
Project("{FAE04EC0-301F-11D3-BF4B-00C04F79EFBC}") = "JsonDeserialize", "JsonDeserialize.csproj", "{2A85D74B-916A-4236-AF16-EE3D385D33CF}"
EndProject
Global
	GlobalSection(SolutionConfigurationPlatforms) = preSolution
		Debug|Any CPU = Debug|Any CPU
		Release|Any CPU = Release|Any CPU
	EndGlobalSection
	GlobalSection(ProjectConfigurationPlatforms) = postSolution
		{2A85D74B-916A-4236-AF16-EE3D385D33CF}.Debug|Any CPU.ActiveCfg = Debug|Any CPU
		{2A85D74B-916A-4236-AF16-EE3D385D33CF}.Debug|Any CPU.Build.0 = Debug|Any CPU
		{2A85D74B-916A-4236-AF16-EE3D385D33CF}.Release|Any CPU.ActiveCfg = Release|Any CPU
		{2A85D74B-916A-4236-AF16-EE3D385D33CF}.Release|Any CPU.Build.0 = Release|Any CPU
	EndGlobalSection
	GlobalSection(SolutionProperties) = preSolution
		HideSolutionNode = FALSE
	EndGlobalSection
	GlobalSection(ExtensibilityGlobals) = postSolution
		SolutionGuid = {500ABF35-BA36-4BF7-BAEE-43ED338DC037}
	EndGlobalSection
EndGlobal
